
Microsoft Visual Studio Solution File, Format Version 11.00
# Visual Studio 2010
Project("{FAE04EC0-301F-11D3-BF4B-00C04F79EFBC}") = "XamarinDroidExperiments", "XamarinExperiments\XamarinDroidExperiments.csproj", "{8468BBFE-5BBB-43F8-971A-9AE6569E5831}"
EndProject
Global
	GlobalSection(SolutionConfigurationPlatforms) = preSolution
		Debug|Any CPU = Debug|Any CPU
		Release|Any CPU = Release|Any CPU
	EndGlobalSection
	GlobalSection(ProjectConfigurationPlatforms) = postSolution
		{8468BBFE-5BBB-43F8-971A-9AE6569E5831}.Debug|Any CPU.ActiveCfg = Debug|Any CPU
		{8468BBFE-5BBB-43F8-971A-9AE6569E5831}.Debug|Any CPU.Build.0 = Debug|Any CPU
		{8468BBFE-5BBB-43F8-971A-9AE6569E5831}.Release|Any CPU.ActiveCfg = Release|Any CPU
		{8468BBFE-5BBB-43F8-971A-9AE6569E5831}.Release|Any CPU.Build.0 = Release|Any CPU
	EndGlobalSection
	GlobalSection(MonoDevelopProperties) = preSolution
		StartupItem = XamarinExperiments\XamarinDroidExperiments.csproj
	EndGlobalSection
EndGlobal
